{
  "nodes": {
    "bread": {
      "inputs": {
        "conjure": "conjure",
        "flake-utils": "flake-utils",
        "htils": "htils",
        "nixpkgs": "nixpkgs_4"
      },
      "locked": {
        "lastModified": 1790012341,
        "narHash": "sha256-j0luePZqMXKGs7aJ08nwQpbLRpyYg54+mi2h5HMRlNE=",
        "ref": "refs/heads/main",
        "rev": "e0a1ec4d83b5491a5cc10cd8cb6ca936b6eed82c",
        "revCount": 50,
        "type": "git",
        "url": "https://codeberg.org/h4rl/bread"
      },
      "original": {
        "type": "git",
        "url": "https://codeberg.org/h4rl/bread"
      }
    },
    "bread_2": {
      "inputs": {
        "conjure": "conjure_3",
        "flake-utils": "flake-utils_3",
        "htils": "htils_2",
        "nixpkgs": "nixpkgs_8"
      },
      "locked": {
        "lastModified": 1789538495,
        "narHash": "sha256-21bdFLPz6gmcIzr2CyG2Aj6Nz7KoM3fDZzx0kCJShZo=",
        "ref": "refs/heads/main",
        "rev": "7c1edbeab258f04a85bf641b2b30c4e2bc06cb65",
        "revCount": 41,
        "type": "git",
        "url": "ssh://git@codeberg.org/h4rl/bread"
      },
      "original": {
        "type": "git",
        "url": "ssh://git@codeberg.org/h4rl/bread"
      }
    },
    "butter": {
      "inputs": {
        "bread": "bread_2",
        "conjure": "conjure_5",
        "flake-utils": "flake-utils_5",
        "htils": "htils_3",
        "nixpkgs": "nixpkgs_12"
      },
      "locked": {
        "lastModified": 1790018455,
        "narHash": "sha256-8LZdPs+3LXUY5BHD3LkMPLUJxZe7NJJ6mmk6WXtGrfg=",
        "ref": "refs/heads/main",
        "rev": "d262ee8a7277c80686d65eaaeffca3d9692b09c4",
        "revCount": 59,
        "type": "git",
        "url": "https://codeberg.org/h4rl/butter"
      },
      "original": {
        "type": "git",
        "url": "https://codeberg.org/h4rl/butter"
      }
    },
    "conjure": {
      "inputs": {
        "nixpkgs": "nixpkgs"
      },
      "locked": {
        "lastModified": 1789377942,
        "narHash": "sha256-jggH9J/N0dHkWpqiz8cwxGaJoiYXryv4qQ3VJv+fVsY=",
        "ref": "refs/heads/main",
        "rev": "1eb2fbb14f086ec7f988d9c16ad7af1b370d154a",
        "revCount": 68,
        "type": "git",
        "url": "https://codeberg.org/h4rl/conjure.git"
      },
      "original": {
        "type": "git",
        "url": "https://codeberg.org/h4rl/conjure.git"
      }
    },
    "conjure_2": {
      "inputs": {
        "nixpkgs": "nixpkgs_2"
      },
      "locked": {
        "lastModified": 1789377942,
        "narHash": "sha256-jggH9J/N0dHkWpqiz8cwxGaJoiYXryv4qQ3VJv+fVsY=",
        "ref": "refs/heads/main",
        "rev": "1eb2fbb14f086ec7f988d9c16ad7af1b370d154a",
        "revCount": 68,
        "type": "git",
        "url": "https://codeberg.org/h4rl/conjure.git"
      },
      "original": {
        "type": "git",
        "url": "https://codeberg.org/h4rl/conjure.git"
      }
    },
    "conjure_3": {
      "inputs": {
        "nixpkgs": "nixpkgs_5"
      },
      "locked": {
        "lastModified": 1789377942,
        "narHash": "sha256-jggH9J/N0dHkWpqiz8cwxGaJoiYXryv4qQ3VJv+fVsY=",
        "ref": "refs/heads/main",
        "rev": "1eb2fbb14f086ec7f988d9c16ad7af1b370d154a",
        "revCount": 68,
        "type": "git",
        "url": "https://codeberg.org/h4rl/conjure.git"
      },
      "original": {
        "type": "git",
        "url": "https://codeberg.org/h4rl/conjure.git"
      }
    },
    "conjure_4": {
      "inputs": {
        "nixpkgs": "nixpkgs_6"
      },
      "locked": {
        "lastModified": 1789377942,
        "narHash": "sha256-jggH9J/N0dHkWpqiz8cwxGaJoiYXryv4qQ3VJv+fVsY=",
        "ref": "refs/heads/main",
        "rev": "1eb2fbb14f086ec7f988d9c16ad7af1b370d154a",
        "revCount": 68,
        "type": "git",
        "url": "https://codeberg.org/h4rl/conjure.git"
      },
      "original": {
        "type": "git",
        "url": "https://codeberg.org/h4rl/conjure.git"
      }
    },
    "conjure_5": {
      "inputs": {
        "nixpkgs": "nixpkgs_9"
      },
      "locked": {
        "lastModified": 1789377942,
        "narHash": "sha256-jggH9J/N0dHkWpqiz8cwxGaJoiYXryv4qQ3VJv+fVsY=",
        "ref": "refs/heads/main",
        "rev": "1eb2fbb14f086ec7f988d9c16ad7af1b370d154a",
        "revCount": 68,
        "type": "git",
        "url": "ssh://git@codeberg.org/h4rl/conjure"
      },
      "original": {
        "type": "git",
        "url": "ssh://git@codeberg.org/h4rl/conjure"
      }
    },
    "conjure_6": {
      "inputs": {
        "nixpkgs": "nixpkgs_10"
      },
      "locked": {
        "lastModified": 1789377942,
        "narHash": "sha256-jggH9J/N0dHkWpqiz8cwxGaJoiYXryv4qQ3VJv+fVsY=",
        "ref": "refs/heads/main",
        "rev": "1eb2fbb14f086ec7f988d9c16ad7af1b370d154a",
        "revCount": 68,
        "type": "git",
        "url": "https://codeberg.org/h4rl/conjure.git"
      },
      "original": {
        "type": "git",
        "url": "https://codeberg.org/h4rl/conjure.git"
      }
    },
    "conjure_7": {
      "inputs": {
        "nixpkgs": "nixpkgs_13"
      },
      "locked": {
        "lastModified": 1789623507,
        "narHash": "sha256-sHPrB/vxmWKOqrhlx9KdAdJ52lz3gxK0hOLAtPtehAA=",
        "ref": "refs/heads/main",
        "rev": "8bb9317559e41ecdfd7dec1dd27ccfcafe3c4e57",
        "revCount": 71,
        "type": "git",
        "url": "https://codeberg.org/h4rl/conjure"
      },
      "original": {
        "type": "git",
        "url": "https://codeberg.org/h4rl/conjure"
      }
    },
    "conjure_8": {
      "inputs": {
        "nixpkgs": "nixpkgs_14"
      },
      "locked": {
        "lastModified": 1789377942,
        "narHash": "sha256-jggH9J/N0dHkWpqiz8cwxGaJoiYXryv4qQ3VJv+fVsY=",
        "ref": "refs/heads/main",
        "rev": "1eb2fbb14f086ec7f988d9c16ad7af1b370d154a",
        "revCount": 68,
        "type": "git",
        "url": "https://codeberg.org/h4rl/conjure.git"
      },
      "original": {
        "type": "git",
        "url": "https://codeberg.org/h4rl/conjure.git"
      }
    },
    "flake-utils": {
      "inputs": {
        "systems": "systems"
      },
      "locked": {
        "lastModified": 1731533236,
        "narHash": "sha256-l0KFg5HjrsfsO/JpG+r7fRrqm12kzFHyUHqHCVpMMbI=",
        "owner": "numtide",
        "repo": "flake-utils",
        "rev": "11707dc2f618dd54ca8739b309ec4fc024de578b",
        "type": "github"
      },
      "original": {
        "owner": "numtide",
        "repo": "flake-utils",
        "type": "github"
      }
    },
    "flake-utils_2": {
      "inputs": {
        "systems": "systems_2"
      },
      "locked": {
        "lastModified": 1731533236,
        "narHash": "sha256-l0KFg5HjrsfsO/JpG+r7fRrqm12kzFHyUHqHCVpMMbI=",
        "owner": "numtide",
        "repo": "flake-utils",
        "rev": "11707dc2f618dd54ca8739b309ec4fc024de578b",
        "type": "github"
      },
      "original": {
        "owner": "numtide",
        "repo": "flake-utils",
        "type": "github"
      }
    },
    "flake-utils_3": {
      "inputs": {
        "systems": "systems_3"
      },
      "locked": {
        "lastModified": 1731533236,
        "narHash": "sha256-l0KFg5HjrsfsO/JpG+r7fRrqm12kzFHyUHqHCVpMMbI=",
        "owner": "numtide",
        "repo": "flake-utils",
        "rev": "11707dc2f618dd54ca8739b309ec4fc024de578b",
        "type": "github"
      },
      "original": {
        "owner": "numtide",
        "repo": "flake-utils",
        "type": "github"
      }
    },
    "flake-utils_4": {
      "inputs": {
        "systems": "systems_4"
      },
      "locked": {
        "lastModified": 1731533236,
        "narHash": "sha256-l0KFg5HjrsfsO/JpG+r7fRrqm12kzFHyUHqHCVpMMbI=",
        "owner": "numtide",
        "repo": "flake-utils",
        "rev": "11707dc2f618dd54ca8739b309ec4fc024de578b",
        "type": "github"
      },
      "original": {
        "owner": "numtide",
        "repo": "flake-utils",
        "type": "github"
      }
    },
    "flake-utils_5": {
      "inputs": {
        "systems": "systems_5"
      },
      "locked": {
        "lastModified": 1731533236,
        "narHash": "sha256-l0KFg5HjrsfsO/JpG+r7fRrqm12kzFHyUHqHCVpMMbI=",
        "owner": "numtide",
        "repo": "flake-utils",
        "rev": "11707dc2f618dd54ca8739b309ec4fc024de578b",
        "type": "github"
      },
      "original": {
        "owner": "numtide",
        "repo": "flake-utils",
        "type": "github"
      }
    },
    "flake-utils_6": {
      "inputs": {
        "systems": "systems_6"
      },
      "locked": {
        "lastModified": 1731533236,
        "narHash": "sha256-l0KFg5HjrsfsO/JpG+r7fRrqm12kzFHyUHqHCVpMMbI=",
        "owner": "numtide",
        "repo": "flake-utils",
        "rev": "11707dc2f618dd54ca8739b309ec4fc024de578b",
        "type": "github"
      },
      "original": {
        "owner": "numtide",
        "repo": "flake-utils",
        "type": "github"
      }
    },
    "flake-utils_7": {
      "inputs": {
        "systems": "systems_7"
      },
      "locked": {
        "lastModified": 1731533236,
        "narHash": "sha256-l0KFg5HjrsfsO/JpG+r7fRrqm12kzFHyUHqHCVpMMbI=",
        "owner": "numtide",
        "repo": "flake-utils",
        "rev": "11707dc2f618dd54ca8739b309ec4fc024de578b",
        "type": "github"
      },
      "original": {
        "owner": "numtide",
        "repo": "flake-utils",
        "type": "github"
      }
    },
    "flake-utils_8": {
      "inputs": {
        "systems": "systems_8"
      },
      "locked": {
        "lastModified": 1731533236,
        "narHash": "sha256-l0KFg5HjrsfsO/JpG+r7fRrqm12kzFHyUHqHCVpMMbI=",
        "owner": "numtide",
        "repo": "flake-utils",
        "rev": "11707dc2f618dd54ca8739b309ec4fc024de578b",
        "type": "github"
      },
      "original": {
        "owner": "numtide",
        "repo": "flake-utils",
        "type": "github"
      }
    },
    "htils": {
      "inputs": {
        "conjure": "conjure_2",
        "flake-utils": "flake-utils_2",
        "nixpkgs": "nixpkgs_3"
      },
      "locked": {
        "lastModified": 1789462275,
        "narHash": "sha256-7iVmM96PiqeYJkFRRFN7XrUoSqIA/N1/nQ8mQNIsd3s=",
        "owner": "h4rldev",
        "repo": "htils",
        "rev": "628a684734ac35e2b3626c09a88a2dd28bc3825b",
        "type": "github"
      },
      "original": {
        "owner": "h4rldev",
        "repo": "htils",
        "type": "github"
      }
    },
    "htils_2": {
      "inputs": {
        "conjure": "conjure_4",
        "flake-utils": "flake-utils_4",
        "nixpkgs": "nixpkgs_7"
      },
      "locked": {
        "lastModified": 1789462275,
        "narHash": "sha256-7iVmM96PiqeYJkFRRFN7XrUoSqIA/N1/nQ8mQNIsd3s=",
        "owner": "h4rldev",
        "repo": "htils",
        "rev": "628a684734ac35e2b3626c09a88a2dd28bc3825b",
        "type": "github"
      },
      "original": {
        "owner": "h4rldev",
        "repo": "htils",
        "type": "github"
      }
    },
    "htils_3": {
      "inputs": {
        "conjure": "conjure_6",
        "flake-utils": "flake-utils_6",
        "nixpkgs": "nixpkgs_11"
      },
      "locked": {
        "lastModified": 1789462275,
        "narHash": "sha256-7iVmM96PiqeYJkFRRFN7XrUoSqIA/N1/nQ8mQNIsd3s=",
        "owner": "h4rldev",
        "repo": "htils",
        "rev": "628a684734ac35e2b3626c09a88a2dd28bc3825b",
        "type": "github"
      },
      "original": {
        "owner": "h4rldev",
        "repo": "htils",
        "type": "github"
      }
    },
    "htils_4": {
      "inputs": {
        "conjure": "conjure_8",
        "flake-utils": "flake-utils_8",
        "nixpkgs": "nixpkgs_15"
      },
      "locked": {
        "lastModified": 1789462275,
        "narHash": "sha256-7iVmM96PiqeYJkFRRFN7XrUoSqIA/N1/nQ8mQNIsd3s=",
        "owner": "h4rldev",
        "repo": "htils",
        "rev": "628a684734ac35e2b3626c09a88a2dd28bc3825b",
        "type": "github"
      },
      "original": {
        "owner": "h4rldev",
        "repo": "htils",
        "type": "github"
      }
    },
    "nixpkgs": {
      "locked": {
        "lastModified": 1786514691,
        "narHash": "sha256-9dkt1i5JNbEfPb+EjLcSDNs8zqEHQ/1JlSaKgj0SBAg=",
        "owner": "nixos",
        "repo": "nixpkgs",
        "rev": "867dcbc30bafe3c862ef88620f2e7a109d7d3be5",
        "type": "github"
      },
      "original": {
        "owner": "nixos",
        "ref": "nixos-unstable",
        "repo": "nixpkgs",
        "type": "github"
      }
    },
    "nixpkgs_10": {
      "locked": {
        "lastModified": 1786514691,
        "narHash": "sha256-9dkt1i5JNbEfPb+EjLcSDNs8zqEHQ/1JlSaKgj0SBAg=",
        "owner": "nixos",
        "repo": "nixpkgs",
        "rev": "867dcbc30bafe3c862ef88620f2e7a109d7d3be5",
        "type": "github"
      },
      "original": {
        "owner": "nixos",
        "ref": "nixos-unstable",
        "repo": "nixpkgs",
        "type": "github"
      }
    },
    "nixpkgs_11": {
      "locked": {
        "lastModified": 1778443072,
        "narHash": "sha256-zi7/fsqM/kFdNuED//4WOCUtezGtKKqRNORjMvfwjnA=",
        "owner": "nixos",
        "repo": "nixpkgs",
        "rev": "da5ad661ba4e5ef59ba743f0d112cbc30e474f32",
        "type": "github"
      },
      "original": {
        "owner": "nixos",
        "ref": "nixos-unstable",
        "repo": "nixpkgs",
        "type": "github"
      }
    },
    "nixpkgs_12": {
      "locked": {
        "lastModified": 1789286504,
        "narHash": "sha256-eiEK7cKZORNEvX0GeF3RtNEF/JXhgf2RqSp3230q13E=",
        "owner": "nixos",
        "repo": "nixpkgs",
        "rev": "ef34387ddd751e1ab8857adf4676492d32eb24ec",
        "type": "github"
      },
      "original": {
        "owner": "nixos",
        "ref": "nixos-unstable",
        "repo": "nixpkgs",
        "type": "github"
      }
    },
    "nixpkgs_13": {
      "locked": {
        "lastModified": 1786514691,
        "narHash": "sha256-9dkt1i5JNbEfPb+EjLcSDNs8zqEHQ/1JlSaKgj0SBAg=",
        "owner": "nixos",
        "repo": "nixpkgs",
        "rev": "867dcbc30bafe3c862ef88620f2e7a109d7d3be5",
        "type": "github"
      },
      "original": {
        "owner": "nixos",
        "ref": "nixos-unstable",
        "repo": "nixpkgs",
        "type": "github"
      }
    },
    "nixpkgs_14": {
      "locked": {
        "lastModified": 1786514691,
        "narHash": "sha256-9dkt1i5JNbEfPb+EjLcSDNs8zqEHQ/1JlSaKgj0SBAg=",
        "owner": "nixos",
        "repo": "nixpkgs",
        "rev": "867dcbc30bafe3c862ef88620f2e7a109d7d3be5",
        "type": "github"
      },
      "original": {
        "owner": "nixos",
        "ref": "nixos-unstable",
        "repo": "nixpkgs",
        "type": "github"
      }
    },
    "nixpkgs_15": {
      "locked": {
        "lastModified": 1778443072,
        "narHash": "sha256-zi7/fsqM/kFdNuED//4WOCUtezGtKKqRNORjMvfwjnA=",
        "owner": "nixos",
        "repo": "nixpkgs",
        "rev": "da5ad661ba4e5ef59ba743f0d112cbc30e474f32",
        "type": "github"
      },
      "original": {
        "owner": "nixos",
        "ref": "nixos-unstable",
        "repo": "nixpkgs",
        "type": "github"
      }
    },
    "nixpkgs_16": {
      "locked": {
        "lastModified": 1789921291,
        "narHash": "sha256-Ft/BRnIqw1MywFoXydKobjjWmDFgDdYtSpJliE8+yUw=",
        "owner": "nixos",
        "repo": "nixpkgs",
        "rev": "44a91898084f46797b5fac650c7e8c9ac38c43d4",
        "type": "github"
      },
      "original": {
        "owner": "nixos",
        "ref": "nixos-unstable",
        "repo": "nixpkgs",
        "type": "github"
      }
    },
    "nixpkgs_2": {
      "locked": {
        "lastModified": 1786514691,
        "narHash": "sha256-9dkt1i5JNbEfPb+EjLcSDNs8zqEHQ/1JlSaKgj0SBAg=",
        "owner": "nixos",
        "repo": "nixpkgs",
        "rev": "867dcbc30bafe3c862ef88620f2e7a109d7d3be5",
        "type": "github"
      },
      "original": {
        "owner": "nixos",
        "ref": "nixos-unstable",
        "repo": "nixpkgs",
        "type": "github"
      }
    },
    "nixpkgs_3": {
      "locked": {
        "lastModified": 1778443072,
        "narHash": "sha256-zi7/fsqM/kFdNuED//4WOCUtezGtKKqRNORjMvfwjnA=",
        "owner": "nixos",
        "repo": "nixpkgs",
        "rev": "da5ad661ba4e5ef59ba743f0d112cbc30e474f32",
        "type": "github"
      },
      "original": {
        "owner": "nixos",
        "ref": "nixos-unstable",
        "repo": "nixpkgs",
        "type": "github"
      }
    },
    "nixpkgs_4": {
      "locked": {
        "lastModified": 1789286504,
        "narHash": "sha256-eiEK7cKZORNEvX0GeF3RtNEF/JXhgf2RqSp3230q13E=",
        "owner": "nixos",
        "repo": "nixpkgs",
        "rev": "ef34387ddd751e1ab8857adf4676492d32eb24ec",
        "type": "github"
      },
      "original": {
        "owner": "nixos",
        "ref": "nixos-unstable",
        "repo": "nixpkgs",
        "type": "github"
      }
    },
    "nixpkgs_5": {
      "locked": {
        "lastModified": 1786514691,
        "narHash": "sha256-9dkt1i5JNbEfPb+EjLcSDNs8zqEHQ/1JlSaKgj0SBAg=",
        "owner": "nixos",
        "repo": "nixpkgs",
        "rev": "867dcbc30bafe3c862ef88620f2e7a109d7d3be5",
        "type": "github"
      },
      "original": {
        "owner": "nixos",
        "ref": "nixos-unstable",
        "repo": "nixpkgs",
        "type": "github"
      }
    },
    "nixpkgs_6": {
      "locked": {
        "lastModified": 1786514691,
        "narHash": "sha256-9dkt1i5JNbEfPb+EjLcSDNs8zqEHQ/1JlSaKgj0SBAg=",
        "owner": "nixos",
        "repo": "nixpkgs",
        "rev": "867dcbc30bafe3c862ef88620f2e7a109d7d3be5",
        "type": "github"
      },
      "original": {
        "owner": "nixos",
        "ref": "nixos-unstable",
        "repo": "nixpkgs",
        "type": "github"
      }
    },
    "nixpkgs_7": {
      "locked": {
        "lastModified": 1778443072,
        "narHash": "sha256-zi7/fsqM/kFdNuED//4WOCUtezGtKKqRNORjMvfwjnA=",
        "owner": "nixos",
        "repo": "nixpkgs",
        "rev": "da5ad661ba4e5ef59ba743f0d112cbc30e474f32",
        "type": "github"
      },
      "original": {
        "owner": "nixos",
        "ref": "nixos-unstable",
        "repo": "nixpkgs",
        "type": "github"
      }
    },
    "nixpkgs_8": {
      "locked": {
        "lastModified": 1789286504,
        "narHash": "sha256-eiEK7cKZORNEvX0GeF3RtNEF/JXhgf2RqSp3230q13E=",
        "owner": "nixos",
        "repo": "nixpkgs",
        "rev": "ef34387ddd751e1ab8857adf4676492d32eb24ec",
        "type": "github"
      },
      "original": {
        "owner": "nixos",
        "ref": "nixos-unstable",
        "repo": "nixpkgs",
        "type": "github"
      }
    },
    "nixpkgs_9": {
      "locked": {
        "lastModified": 1786514691,
        "narHash": "sha256-9dkt1i5JNbEfPb+EjLcSDNs8zqEHQ/1JlSaKgj0SBAg=",
        "owner": "nixos",
        "repo": "nixpkgs",
        "rev": "867dcbc30bafe3c862ef88620f2e7a109d7d3be5",
        "type": "github"
      },
      "original": {
        "owner": "nixos",
        "ref": "nixos-unstable",
        "repo": "nixpkgs",
        "type": "github"
      }
    },
    "root": {
      "inputs": {
        "bread": "bread",
        "butter": "butter",
        "conjure": "conjure_7",
        "flake-utils": "flake-utils_7",
        "htils": "htils_4",
        "nixpkgs": "nixpkgs_16"
      }
    },
    "systems": {
      "locked": {
        "lastModified": 1681028828,
        "narHash": "sha256-Vy1rq5AaRuLzOxct8nz4T6wlgyUR7zLU309k9mBC768=",
        "owner": "nix-systems",
        "repo": "default",
        "rev": "da67096a3b9bf56a91d16901293e51ba5b49a27e",
        "type": "github"
      },
      "original": {
        "owner": "nix-systems",
        "repo": "default",
        "type": "github"
      }
    },
    "systems_2": {
      "locked": {
        "lastModified": 1681028828,
        "narHash": "sha256-Vy1rq5AaRuLzOxct8nz4T6wlgyUR7zLU309k9mBC768=",
        "owner": "nix-systems",
        "repo": "default",
        "rev": "da67096a3b9bf56a91d16901293e51ba5b49a27e",
        "type": "github"
      },
      "original": {
        "owner": "nix-systems",
        "repo": "default",
        "type": "github"
      }
    },
    "systems_3": {
      "locked": {
        "lastModified": 1681028828,
        "narHash": "sha256-Vy1rq5AaRuLzOxct8nz4T6wlgyUR7zLU309k9mBC768=",
        "owner": "nix-systems",
        "repo": "default",
        "rev": "da67096a3b9bf56a91d16901293e51ba5b49a27e",
        "type": "github"
      },
      "original": {
        "owner": "nix-systems",
        "repo": "default",
        "type": "github"
      }
    },
    "systems_4": {
      "locked": {
        "lastModified": 1681028828,
        "narHash": "sha256-Vy1rq5AaRuLzOxct8nz4T6wlgyUR7zLU309k9mBC768=",
        "owner": "nix-systems",
        "repo": "default",
        "rev": "da67096a3b9bf56a91d16901293e51ba5b49a27e",
        "type": "github"
      },
      "original": {
        "owner": "nix-systems",
        "repo": "default",
        "type": "github"
      }
    },
    "systems_5": {
      "locked": {
        "lastModified": 1681028828,
        "narHash": "sha256-Vy1rq5AaRuLzOxct8nz4T6wlgyUR7zLU309k9mBC768=",
        "owner": "nix-systems",
        "repo": "default",
        "rev": "da67096a3b9bf56a91d16901293e51ba5b49a27e",
        "type": "github"
      },
      "original": {
        "owner": "nix-systems",
        "repo": "default",
        "type": "github"
      }
    },
    "systems_6": {
      "locked": {
        "lastModified": 1681028828,
        "narHash": "sha256-Vy1rq5AaRuLzOxct8nz4T6wlgyUR7zLU309k9mBC768=",
        "owner": "nix-systems",
        "repo": "default",
        "rev": "da67096a3b9bf56a91d16901293e51ba5b49a27e",
        "type": "github"
      },
      "original": {
        "owner": "nix-systems",
        "repo": "default",
        "type": "github"
      }
    },
    "systems_7": {
      "locked": {
        "lastModified": 1681028828,
        "narHash": "sha256-Vy1rq5AaRuLzOxct8nz4T6wlgyUR7zLU309k9mBC768=",
        "owner": "nix-systems",
        "repo": "default",
        "rev": "da67096a3b9bf56a91d16901293e51ba5b49a27e",
        "type": "github"
      },
      "original": {
        "owner": "nix-systems",
        "repo": "default",
        "type": "github"
      }
    },
    "systems_8": {
      "locked": {
        "lastModified": 1681028828,
        "narHash": "sha256-Vy1rq5AaRuLzOxct8nz4T6wlgyUR7zLU309k9mBC768=",
        "owner": "nix-systems",
        "repo": "default",
        "rev": "da67096a3b9bf56a91d16901293e51ba5b49a27e",
        "type": "github"
      },
      "original": {
        "owner": "nix-systems",
        "repo": "default",
        "type": "github"
      }
    }
  },
  "root": "root",
  "version": 7
}
